
Microsoft Visual Studio Solution File, Format Version 12.00
# Visual Studio Version 17
VisualStudioVersion = 17.10.35013.160
MinimumVisualStudioVersion = 10.0.40219.1
Project("{9A19103F-16F7-4668-BE54-9A1E7A4F7556}") = "EncontroPremium", "EncontroPremium.csproj", "{453B7794-1961-4FBA-9C35-E129A9DFE092}"
EndProject
Global
	GlobalSection(SolutionConfigurationPlatforms) = preSolution
		Debug|Any CPU = Debug|Any CPU
		Release|Any CPU = Release|Any CPU
	EndGlobalSection
	GlobalSection(ProjectConfigurationPlatforms) = postSolution
		{453B7794-1961-4FBA-9C35-E129A9DFE092}.Debug|Any CPU.ActiveCfg = Debug|Any CPU
		{453B7794-1961-4FBA-9C35-E129A9DFE092}.Debug|Any CPU.Build.0 = Debug|Any CPU
		{453B7794-1961-4FBA-9C35-E129A9DFE092}.Release|Any CPU.ActiveCfg = Release|Any CPU
		{453B7794-1961-4FBA-9C35-E129A9DFE092}.Release|Any CPU.Build.0 = Release|Any CPU
	EndGlobalSection
	GlobalSection(SolutionProperties) = preSolution
		HideSolutionNode = FALSE
	EndGlobalSection
	GlobalSection(ExtensibilityGlobals) = postSolution
		SolutionGuid = {DFB6926D-D99D-4601-98A2-C29B1B0EA788}
	EndGlobalSection
EndGlobal
