
Microsoft Visual Studio Solution File, Format Version 12.00
# Visual Studio Version 17
VisualStudioVersion = 17.10.35013.160
MinimumVisualStudioVersion = 10.0.40219.1
Project("{9A19103F-16F7-4668-BE54-9A1E7A4F7556}") = "BlazorWasmStudy", "BlazorWasmStudy.csproj", "{6963C5D5-F6D6-46A6-9CFE-F917F247A626}"
EndProject
Global
	GlobalSection(SolutionConfigurationPlatforms) = preSolution
		Debug|Any CPU = Debug|Any CPU
		Release|Any CPU = Release|Any CPU
	EndGlobalSection
	GlobalSection(ProjectConfigurationPlatforms) = postSolution
		{6963C5D5-F6D6-46A6-9CFE-F917F247A626}.Debug|Any CPU.ActiveCfg = Debug|Any CPU
		{6963C5D5-F6D6-46A6-9CFE-F917F247A626}.Debug|Any CPU.Build.0 = Debug|Any CPU
		{6963C5D5-F6D6-46A6-9CFE-F917F247A626}.Release|Any CPU.ActiveCfg = Release|Any CPU
		{6963C5D5-F6D6-46A6-9CFE-F917F247A626}.Release|Any CPU.Build.0 = Release|Any CPU
	EndGlobalSection
	GlobalSection(SolutionProperties) = preSolution
		HideSolutionNode = FALSE
	EndGlobalSection
	GlobalSection(ExtensibilityGlobals) = postSolution
		SolutionGuid = {A37DE642-0C0E-42A6-A489-1A6C7D5A86B7}
	EndGlobalSection
EndGlobal
